
Microsoft Visual Studio Solution File, Format Version 12.00
# Visual Studio Version 16
VisualStudioVersion = 16.0.32106.194
MinimumVisualStudioVersion = 10.0.40219.1
Project("{FAE04EC0-301F-11D3-BF4B-00C04F79EFBC}") = "BT01_Ngat_KetNoi", "BT01_Ngat_KetNoi\BT01_Ngat_KetNoi.csproj", "{F31D27A7-8528-48F1-99A0-916D4D989478}"
EndProject
Global
	GlobalSection(SolutionConfigurationPlatforms) = preSolution
		Debug|Any CPU = Debug|Any CPU
		Release|Any CPU = Release|Any CPU
	EndGlobalSection
	GlobalSection(ProjectConfigurationPlatforms) = postSolution
		{F31D27A7-8528-48F1-99A0-916D4D989478}.Debug|Any CPU.ActiveCfg = Debug|Any CPU
		{F31D27A7-8528-48F1-99A0-916D4D989478}.Debug|Any CPU.Build.0 = Debug|Any CPU
		{F31D27A7-8528-48F1-99A0-916D4D989478}.Release|Any CPU.ActiveCfg = Release|Any CPU
		{F31D27A7-8528-48F1-99A0-916D4D989478}.Release|Any CPU.Build.0 = Release|Any CPU
	EndGlobalSection
	GlobalSection(SolutionProperties) = preSolution
		HideSolutionNode = FALSE
	EndGlobalSection
	GlobalSection(ExtensibilityGlobals) = postSolution
		SolutionGuid = {B89796A5-1066-4FCB-AE32-0D604035F706}
	EndGlobalSection
EndGlobal
